
Microsoft Visual Studio Solution File, Format Version 12.00
# Visual Studio Version 16
VisualStudioVersion = 16.0.30011.22
MinimumVisualStudioVersion = 10.0.40219.1
Project("{FAE04EC0-301F-11D3-BF4B-00C04F79EFBC}") = "FlyBy", "FlyBy.csproj", "{BC3142F4-05AC-4DEE-8AEB-762A98FB93EC}"
EndProject
Project("{FAE04EC0-301F-11D3-BF4B-00C04F79EFBC}") = "Animation", "..\Animation\Animation.csproj", "{0D14274A-CEC7-4032-B6AE-C65363500066}"
EndProject
Global
	GlobalSection(SolutionConfigurationPlatforms) = preSolution
		Debug|Any CPU = Debug|Any CPU
		Release|Any CPU = Release|Any CPU
	EndGlobalSection
	GlobalSection(ProjectConfigurationPlatforms) = postSolution
		{BC3142F4-05AC-4DEE-8AEB-762A98FB93EC}.Debug|Any CPU.ActiveCfg = Debug|Any CPU
		{BC3142F4-05AC-4DEE-8AEB-762A98FB93EC}.Debug|Any CPU.Build.0 = Debug|Any CPU
		{BC3142F4-05AC-4DEE-8AEB-762A98FB93EC}.Release|Any CPU.ActiveCfg = Release|Any CPU
		{BC3142F4-05AC-4DEE-8AEB-762A98FB93EC}.Release|Any CPU.Build.0 = Release|Any CPU
		{0D14274A-CEC7-4032-B6AE-C65363500066}.Debug|Any CPU.ActiveCfg = Debug|Any CPU
		{0D14274A-CEC7-4032-B6AE-C65363500066}.Debug|Any CPU.Build.0 = Debug|Any CPU
		{0D14274A-CEC7-4032-B6AE-C65363500066}.Release|Any CPU.ActiveCfg = Release|Any CPU
		{0D14274A-CEC7-4032-B6AE-C65363500066}.Release|Any CPU.Build.0 = Release|Any CPU
	EndGlobalSection
	GlobalSection(SolutionProperties) = preSolution
		HideSolutionNode = FALSE
	EndGlobalSection
	GlobalSection(ExtensibilityGlobals) = postSolution
		SolutionGuid = {E67D2BDA-D01B-414C-B7D8-047DBA7D340D}
	EndGlobalSection
EndGlobal
